{
  "name": "with-express",
  "version": "1.0.0",
  "lockfileVersion": 1,
  "requires": true,
  "dependencies": {
    "@arr/every": {
      "version": "1.0.0",
      "resolved": "https://registry.npmjs.org/@arr/every/-/every-1.0.0.tgz",
      "integrity": "sha1-MU+BaPUK5IoDLP2tX9tDb0ZKl6w="
    },
    "@polka/url": {
      "version": "0.5.0",
      "resolved": "https://registry.npmjs.org/@polka/url/-/url-0.5.0.tgz",
      "integrity": "sha512-oZLYFEAzUKyi3SKnXvj32ZCEGH6RDnao7COuCVhDydMS9NrCSVXhM79VaKyP5+Zc33m0QXEd2DN3UkU7OsHcfw=="
    },
    "matchit": {
      "version": "1.0.6",
      "resolved": "https://registry.npmjs.org/matchit/-/matchit-1.0.6.tgz",
      "integrity": "sha1-gl2gZGi9Mk8CGevijhKkG/tVJMQ=",
      "requires": {
        "@arr/every": "^1.0.0"
      }
    },
    "polka": {
      "version": "0.5.1",
      "resolved": "https://registry.npmjs.org/polka/-/polka-0.5.1.tgz",
      "integrity": "sha512-de0VgqoAgGIJoa4mTj+e9KKIt5uRJOGyE37TbsoYEuDzI+cbJZ8nKBRCmiwv9DUMKrYhAMHW/di7/6/65zgZZQ==",
      "requires": {
        "@polka/url": "^0.5.0",
        "trouter": "^2.0.1"
      }
    },
    "trouter": {
      "version": "2.0.1",
      "resolved": "https://registry.npmjs.org/trouter/-/trouter-2.0.1.tgz",
      "integrity": "sha512-kr8SKKw94OI+xTGOkfsvwZQ8mWoikZDd2n8XZHjJVZUARZT+4/VV6cacRS6CLsH9bNm+HFIPU1Zx4CnNnb4qlQ==",
      "requires": {
        "matchit": "^1.0.0"
      }
    }
  }
}
