{
  "name": "basic-client-and-server",
  "version": "1.0.0",
  "lockfileVersion": 1,
  "requires": true,
  "dependencies": {
    "js-tokens": {
      "version": "4.0.0",
      "resolved": "https://registry.npmjs.org/js-tokens/-/js-tokens-4.0.0.tgz",
      "integrity": "sha512-RdJUflcE3cUzKiMqQgsCu06FPu9UdIJO0beYbPhHN4k6apgJtifcoCtT9bcxOpYBtpD2kCM6Sbzg4CausW/PKQ=="
    },
    "loose-envify": {
      "version": "1.4.0",
      "resolved": "https://registry.npmjs.org/loose-envify/-/loose-envify-1.4.0.tgz",
      "integrity": "sha512-lyuxPGr/Wfhrlem2CL/UcnUc1zcqKAImBDzukY7Y5F/yQiNdko6+fRLevlw1HgMySw7f611UIY408EtxRSoK3Q==",
      "requires": {
        "js-tokens": "^3.0.0 || ^4.0.0"
      }
    },
    "object-assign": {
      "version": "4.1.1",
      "resolved": "https://registry.npmjs.org/object-assign/-/object-assign-4.1.1.tgz",
      "integrity": "sha1-IQmtx5ZYh8/AXLvUQsrIv7s2CGM="
    },
    "prop-types": {
      "version": "15.6.2",
      "resolved": "https://registry.npmjs.org/prop-types/-/prop-types-15.6.2.tgz",
      "integrity": "sha512-3pboPvLiWD7dkI3qf3KbUe6hKFKa52w+AE0VCqECtf+QHAKgOL37tTaNCnuX1nAAQ4ZhyP+kYVKf8rLmJ/feDQ==",
      "requires": {
        "loose-envify": "^1.3.1",
        "object-assign": "^4.1.1"
      }
    },
    "react": {
      "version": "16.6.0",
      "resolved": "https://registry.npmjs.org/react/-/react-16.6.0.tgz",
      "integrity": "sha512-zJPnx/jKtuOEXCbQ9BKaxDMxR0001/hzxXwYxG8septeyYGfsgAei6NgfbVgOhbY1WOP2o3VPs/E9HaN+9hV3Q==",
      "requires": {
        "loose-envify": "^1.1.0",
        "object-assign": "^4.1.1",
        "prop-types": "^15.6.2",
        "scheduler": "^0.10.0"
      }
    },
    "react-dom": {
      "version": "16.6.0",
      "resolved": "https://registry.npmjs.org/react-dom/-/react-dom-16.6.0.tgz",
      "integrity": "sha512-Stm2D9dXEUUAQdvpvhvFj/DEXwC2PAL/RwEMhoN4dvvD2ikTlJegEXf97xryg88VIAU22ZAP7n842l+9BTz6+w==",
      "requires": {
        "loose-envify": "^1.1.0",
        "object-assign": "^4.1.1",
        "prop-types": "^15.6.2",
        "scheduler": "^0.10.0"
      }
    },
    "scheduler": {
      "version": "0.10.0",
      "resolved": "https://registry.npmjs.org/scheduler/-/scheduler-0.10.0.tgz",
      "integrity": "sha512-+TSTVTCBAA3h8Anei3haDc1IRwMeDmtI/y/o3iBe3Mjl2vwYF9DtPDt929HyRmV/e7au7CLu8sc4C4W0VOs29w==",
      "requires": {
        "loose-envify": "^1.1.0",
        "object-assign": "^4.1.1"
      }
    }
  }
}
